{
  "name": "mobile",
  "lockfileVersion": 3,
  "requires": true,
  "packages": {
    "": {
      "name": "mobile",
      "dependencies": {
        "@capacitor/android": "5.7.4",
        "@capacitor/haptics": "../../node_modules/@capacitor/haptics",
        "@capacitor/keyboard": "../../node_modules/@capacitor/keyboard",
        "@capacitor/status-bar": "../../node_modules/@capacitor/status-bar"
      }
    },
    "../../node_modules/@capacitor/haptics": {
      "version": "5.0.7",
      "license": "MIT",
      "devDependencies": {
        "@capacitor/android": "^5.0.0",
        "@capacitor/core": "^5.0.0",
        "@capacitor/docgen": "0.2.2",
        "@capacitor/ios": "^5.0.0",
        "@ionic/eslint-config": "^0.3.0",
        "@ionic/prettier-config": "~1.0.1",
        "@ionic/swiftlint-config": "^1.1.2",
        "eslint": "^7.11.0",
        "prettier": "~2.3.0",
        "prettier-plugin-java": "~1.0.2",
        "rimraf": "^3.0.0",
        "rollup": "^2.29.0",
        "swiftlint": "^1.0.1",
        "typescript": "~4.1.5"
      },
      "peerDependencies": {
        "@capacitor/core": "^5.0.0"
      }
    },
    "../../node_modules/@capacitor/keyboard": {
      "version": "5.0.8",
      "license": "MIT",
      "devDependencies": {
        "@capacitor/android": "^5.0.0",
        "@capacitor/cli": "^5.0.0",
        "@capacitor/core": "^5.0.0",
        "@capacitor/docgen": "0.2.2",
        "@capacitor/ios": "^5.0.0",
        "@ionic/eslint-config": "^0.3.0",
        "@ionic/prettier-config": "~1.0.1",
        "@ionic/swiftlint-config": "^1.1.2",
        "eslint": "^7.11.0",
        "prettier": "~2.3.0",
        "prettier-plugin-java": "~1.0.2",
        "rimraf": "^3.0.0",
        "rollup": "^2.29.0",
        "swiftlint": "^1.0.1",
        "typescript": "~4.1.5"
      },
      "peerDependencies": {
        "@capacitor/core": "^5.0.0"
      }
    },
    "../../node_modules/@capacitor/status-bar": {
      "version": "5.0.7",
      "license": "MIT",
      "devDependencies": {
        "@capacitor/android": "^5.0.0",
        "@capacitor/core": "^5.0.0",
        "@capacitor/docgen": "0.2.2",
        "@capacitor/ios": "^5.0.0",
        "@ionic/eslint-config": "^0.3.0",
        "@ionic/prettier-config": "~1.0.1",
        "@ionic/swiftlint-config": "^1.1.2",
        "eslint": "^7.11.0",
        "prettier": "~2.3.0",
        "prettier-plugin-java": "~1.0.2",
        "rimraf": "^3.0.0",
        "rollup": "^2.29.0",
        "swiftlint": "^1.0.1",
        "typescript": "~4.1.5"
      },
      "peerDependencies": {
        "@capacitor/core": "^5.0.0"
      }
    },
    "node_modules/@capacitor/android": {
      "version": "5.7.4",
      "resolved": "https://registry.npmjs.org/@capacitor/android/-/android-5.7.4.tgz",
      "integrity": "sha512-9ETwrCaLaimLHbwGpgfsPS9cHcPMFLmKFdlYsFsYIusMO6aOrcQTA9Q4xVAkr55ava4Wk+pVRniRYsekrbOLdw==",
      "peerDependencies": {
        "@capacitor/core": "^5.7.0"
      }
    },
    "node_modules/@capacitor/core": {
      "version": "5.7.4",
      "resolved": "https://registry.npmjs.org/@capacitor/core/-/core-5.7.4.tgz",
      "integrity": "sha512-iZBgvx3o4amzKv5ttA+QHB6i7cxK+/mYpCQd1tnSdipg6ZkvfBhg1HkzhEqHk+I7MNur+QwgYDZho9+ycHRwOw==",
      "peer": true,
      "dependencies": {
        "tslib": "^2.1.0"
      }
    },
    "node_modules/@capacitor/haptics": {
      "resolved": "../../node_modules/@capacitor/haptics",
      "link": true
    },
    "node_modules/@capacitor/keyboard": {
      "resolved": "../../node_modules/@capacitor/keyboard",
      "link": true
    },
    "node_modules/@capacitor/status-bar": {
      "resolved": "../../node_modules/@capacitor/status-bar",
      "link": true
    },
    "node_modules/tslib": {
      "version": "2.6.2",
      "resolved": "https://registry.npmjs.org/tslib/-/tslib-2.6.2.tgz",
      "integrity": "sha512-AEYxH93jGFPn/a2iVAwW87VuUIkR1FVUKB77NwMF7nBTDkDrrT/Hpt/IrCJ0QXhW27jTBDcf5ZY7w6RiqTMw2Q==",
      "peer": true
    }
  }
}
